
Microsoft Visual Studio Solution File, Format Version 12.00
# Visual Studio Version 17
VisualStudioVersion = 17.1.32421.90
MinimumVisualStudioVersion = 10.0.40219.1
Project("{2150E333-8FDC-42A3-9474-1A3956D46DE8}") = "Library", "Library", "{457BD2EA-06E3-4821-A0C4-675AD5197932}"
EndProject
Project("{2150E333-8FDC-42A3-9474-1A3956D46DE8}") = "API", "API", "{5EB4A253-47FE-4947-BA4C-D9F2B4945582}"
EndProject
Project("{9A19103F-16F7-4668-BE54-9A1E7A4F7556}") = "Filmes.DATA", "Filmes.DATA\Filmes.DATA.csproj", "{0DA2E042-82F4-4A89-8A37-713EB65AF969}"
EndProject
Project("{9A19103F-16F7-4668-BE54-9A1E7A4F7556}") = "Filmes.DOMAIN", "Filmes.DOMAIN\Filmes.DOMAIN.csproj", "{C3C0E65A-0F63-47B1-AF5C-55CD5E09CF63}"
EndProject
Project("{9A19103F-16F7-4668-BE54-9A1E7A4F7556}") = "Filmes.UTIL", "Filmes.UTIL\Filmes.UTIL.csproj", "{AB2BBA39-2163-41F7-A169-1F350E58B534}"
EndProject
Project("{9A19103F-16F7-4668-BE54-9A1E7A4F7556}") = "Filmes.SERVICE", "Filmes.SERVICE\Filmes.SERVICE.csproj", "{D9E88A33-ED92-4AF2-A0CD-22B83C2DF451}"
EndProject
Project("{FAE04EC0-301F-11D3-BF4B-00C04F79EFBC}") = "Filmes.API", "Filmes.API\Filmes.API.csproj", "{078F4DD3-E32C-4C9C-AF2C-3DBC43F3372A}"
EndProject
Global
	GlobalSection(SolutionConfigurationPlatforms) = preSolution
		Debug|Any CPU = Debug|Any CPU
		Release|Any CPU = Release|Any CPU
	EndGlobalSection
	GlobalSection(ProjectConfigurationPlatforms) = postSolution
		{0DA2E042-82F4-4A89-8A37-713EB65AF969}.Debug|Any CPU.ActiveCfg = Debug|Any CPU
		{0DA2E042-82F4-4A89-8A37-713EB65AF969}.Debug|Any CPU.Build.0 = Debug|Any CPU
		{0DA2E042-82F4-4A89-8A37-713EB65AF969}.Release|Any CPU.ActiveCfg = Release|Any CPU
		{0DA2E042-82F4-4A89-8A37-713EB65AF969}.Release|Any CPU.Build.0 = Release|Any CPU
		{C3C0E65A-0F63-47B1-AF5C-55CD5E09CF63}.Debug|Any CPU.ActiveCfg = Debug|Any CPU
		{C3C0E65A-0F63-47B1-AF5C-55CD5E09CF63}.Debug|Any CPU.Build.0 = Debug|Any CPU
		{C3C0E65A-0F63-47B1-AF5C-55CD5E09CF63}.Release|Any CPU.ActiveCfg = Release|Any CPU
		{C3C0E65A-0F63-47B1-AF5C-55CD5E09CF63}.Release|Any CPU.Build.0 = Release|Any CPU
		{AB2BBA39-2163-41F7-A169-1F350E58B534}.Debug|Any CPU.ActiveCfg = Debug|Any CPU
		{AB2BBA39-2163-41F7-A169-1F350E58B534}.Debug|Any CPU.Build.0 = Debug|Any CPU
		{AB2BBA39-2163-41F7-A169-1F350E58B534}.Release|Any CPU.ActiveCfg = Release|Any CPU
		{AB2BBA39-2163-41F7-A169-1F350E58B534}.Release|Any CPU.Build.0 = Release|Any CPU
		{D9E88A33-ED92-4AF2-A0CD-22B83C2DF451}.Debug|Any CPU.ActiveCfg = Debug|Any CPU
		{D9E88A33-ED92-4AF2-A0CD-22B83C2DF451}.Debug|Any CPU.Build.0 = Debug|Any CPU
		{D9E88A33-ED92-4AF2-A0CD-22B83C2DF451}.Release|Any CPU.ActiveCfg = Release|Any CPU
		{D9E88A33-ED92-4AF2-A0CD-22B83C2DF451}.Release|Any CPU.Build.0 = Release|Any CPU
		{078F4DD3-E32C-4C9C-AF2C-3DBC43F3372A}.Debug|Any CPU.ActiveCfg = Debug|Any CPU
		{078F4DD3-E32C-4C9C-AF2C-3DBC43F3372A}.Debug|Any CPU.Build.0 = Debug|Any CPU
		{078F4DD3-E32C-4C9C-AF2C-3DBC43F3372A}.Release|Any CPU.ActiveCfg = Release|Any CPU
		{078F4DD3-E32C-4C9C-AF2C-3DBC43F3372A}.Release|Any CPU.Build.0 = Release|Any CPU
	EndGlobalSection
	GlobalSection(SolutionProperties) = preSolution
		HideSolutionNode = FALSE
	EndGlobalSection
	GlobalSection(NestedProjects) = preSolution
		{0DA2E042-82F4-4A89-8A37-713EB65AF969} = {457BD2EA-06E3-4821-A0C4-675AD5197932}
		{C3C0E65A-0F63-47B1-AF5C-55CD5E09CF63} = {457BD2EA-06E3-4821-A0C4-675AD5197932}
		{AB2BBA39-2163-41F7-A169-1F350E58B534} = {457BD2EA-06E3-4821-A0C4-675AD5197932}
		{D9E88A33-ED92-4AF2-A0CD-22B83C2DF451} = {457BD2EA-06E3-4821-A0C4-675AD5197932}
		{078F4DD3-E32C-4C9C-AF2C-3DBC43F3372A} = {5EB4A253-47FE-4947-BA4C-D9F2B4945582}
	EndGlobalSection
	GlobalSection(ExtensibilityGlobals) = postSolution
		SolutionGuid = {F163B9BF-77F3-4A0F-AB0D-493CCF6BE63F}
	EndGlobalSection
EndGlobal
